
Microsoft Visual Studio Solution File, Format Version 12.00
# Visual Studio 15
VisualStudioVersion = 15.0.28307.539
MinimumVisualStudioVersion = 10.0.40219.1
Project("{FAE04EC0-301F-11D3-BF4B-00C04F79EFBC}") = "CompareDuplicates", "CompareDuplicates\CompareDuplicates.csproj", "{2A298207-71F6-472B-A8BA-33C6DAE18B62}"
EndProject
Global
	GlobalSection(SolutionConfigurationPlatforms) = preSolution
		Debug|Any CPU = Debug|Any CPU
		Release|Any CPU = Release|Any CPU
	EndGlobalSection
	GlobalSection(ProjectConfigurationPlatforms) = postSolution
		{2A298207-71F6-472B-A8BA-33C6DAE18B62}.Debug|Any CPU.ActiveCfg = Debug|Any CPU
		{2A298207-71F6-472B-A8BA-33C6DAE18B62}.Debug|Any CPU.Build.0 = Debug|Any CPU
		{2A298207-71F6-472B-A8BA-33C6DAE18B62}.Release|Any CPU.ActiveCfg = Release|Any CPU
		{2A298207-71F6-472B-A8BA-33C6DAE18B62}.Release|Any CPU.Build.0 = Release|Any CPU
	EndGlobalSection
	GlobalSection(SolutionProperties) = preSolution
		HideSolutionNode = FALSE
	EndGlobalSection
	GlobalSection(ExtensibilityGlobals) = postSolution
		SolutionGuid = {11FBE495-2064-4776-AD84-A6ACC253ADC1}
	EndGlobalSection
EndGlobal
